
Microsoft Visual Studio Solution File, Format Version 12.00
# Visual Studio Version 16
VisualStudioVersion = 16.0.31410.357
MinimumVisualStudioVersion = 10.0.40219.1
Project("{8BC9CEB8-8B4A-11D0-8D11-00A0C91BC942}") = "network_notes", "network_notes\network_notes.vcxproj", "{1F0FD7BF-13B7-4C13-B997-C548FEC25E7A}"
EndProject
Project("{8BC9CEB8-8B4A-11D0-8D11-00A0C91BC942}") = "practise_million_conns", "practise_million_conns\practise_million_conns.vcxproj", "{AB049B46-ABF6-4003-BB9B-2C8A120E97EC}"
EndProject
Project("{2150E333-8FDC-42A3-9474-1A3956D46DE8}") = "other", "other", "{58FD7E9A-5963-4D34-8243-C5D48B30EE9F}"
EndProject
Project("{2150E333-8FDC-42A3-9474-1A3956D46DE8}") = "cpp_server_dev", "cpp_server_dev", "{EC32C2ED-1C1C-44DF-97B1-767A269E9EE5}"
EndProject
Project("{2150E333-8FDC-42A3-9474-1A3956D46DE8}") = "linux_server_program", "linux_server_program", "{71440CC3-4F08-44C5-8B05-25D305D866D0}"
EndProject
Project("{2150E333-8FDC-42A3-9474-1A3956D46DE8}") = "linux_multi_thread_server", "linux_multi_thread_server", "{B9808A2B-F09F-4168-810C-4B6A6D14F97C}"
EndProject
Project("{8BC9CEB8-8B4A-11D0-8D11-00A0C91BC942}") = "cpp_server_dev_01", "cpp_server_dev\cpp_server_dev.vcxproj", "{5F72BA66-BA12-448B-89ED-3493E7A47ADE}"
EndProject
Project("{8BC9CEB8-8B4A-11D0-8D11-00A0C91BC942}") = "cpp_server_dev_02", "cpp_server_dev_02\cpp_server_dev_02.vcxproj", "{76CF8929-CA7C-477F-BB78-C4017AB1AF1B}"
EndProject
Project("{8BC9CEB8-8B4A-11D0-8D11-00A0C91BC942}") = "cpp_server_dev_03", "cpp_server_dev_03\cpp_server_dev_03.vcxproj", "{D7A90BBB-AD23-468F-9BEF-9187D87CFD70}"
EndProject
Project("{8BC9CEB8-8B4A-11D0-8D11-00A0C91BC942}") = "cpp_server_dev_04", "cpp_server_dev_04\cpp_server_dev_04.vcxproj", "{C0999376-EDFD-4D85-B1E1-58E8DBDB75BD}"
EndProject
Project("{8BC9CEB8-8B4A-11D0-8D11-00A0C91BC942}") = "cpp_server_dev_05", "cpp_server_dev_05\cpp_server_dev_05.vcxproj", "{4E0685D7-A358-4904-A25E-79FA1DC0D2FF}"
EndProject
Project("{8BC9CEB8-8B4A-11D0-8D11-00A0C91BC942}") = "cpp_server_dev_06", "cpp_server_dev_06\cpp_server_dev_06.vcxproj", "{8A4E2032-C02A-493A-A423-52472A627014}"
EndProject
Project("{8BC9CEB8-8B4A-11D0-8D11-00A0C91BC942}") = "cpp_server_dev_07", "cpp_server_dev_07\cpp_server_dev_07.vcxproj", "{76A97331-D2B8-4836-9601-CE1DC4DBEBB0}"
EndProject
Project("{8BC9CEB8-8B4A-11D0-8D11-00A0C91BC942}") = "cpp_server_dev_08", "cpp_server_dev_08\cpp_server_dev_08.vcxproj", "{999332A8-6532-4129-B62E-4E5D0D9DBD3A}"
EndProject
Project("{8BC9CEB8-8B4A-11D0-8D11-00A0C91BC942}") = "linux_server_program_01", "linux_server_program_01\linux_server_program_01.vcxproj", "{D829EB87-A9A8-4F52-B2E6-52471C0720B0}"
EndProject
Global
	GlobalSection(SolutionConfigurationPlatforms) = preSolution
		Debug|x64 = Debug|x64
		Debug|x86 = Debug|x86
		Release|x64 = Release|x64
		Release|x86 = Release|x86
	EndGlobalSection
	GlobalSection(ProjectConfigurationPlatforms) = postSolution
		{1F0FD7BF-13B7-4C13-B997-C548FEC25E7A}.Debug|x64.ActiveCfg = Debug|x64
		{1F0FD7BF-13B7-4C13-B997-C548FEC25E7A}.Debug|x64.Build.0 = Debug|x64
		{1F0FD7BF-13B7-4C13-B997-C548FEC25E7A}.Debug|x86.ActiveCfg = Debug|Win32
		{1F0FD7BF-13B7-4C13-B997-C548FEC25E7A}.Debug|x86.Build.0 = Debug|Win32
		{1F0FD7BF-13B7-4C13-B997-C548FEC25E7A}.Release|x64.ActiveCfg = Release|x64
		{1F0FD7BF-13B7-4C13-B997-C548FEC25E7A}.Release|x64.Build.0 = Release|x64
		{1F0FD7BF-13B7-4C13-B997-C548FEC25E7A}.Release|x86.ActiveCfg = Release|Win32
		{1F0FD7BF-13B7-4C13-B997-C548FEC25E7A}.Release|x86.Build.0 = Release|Win32
		{AB049B46-ABF6-4003-BB9B-2C8A120E97EC}.Debug|x64.ActiveCfg = Debug|x64
		{AB049B46-ABF6-4003-BB9B-2C8A120E97EC}.Debug|x64.Build.0 = Debug|x64
		{AB049B46-ABF6-4003-BB9B-2C8A120E97EC}.Debug|x86.ActiveCfg = Debug|Win32
		{AB049B46-ABF6-4003-BB9B-2C8A120E97EC}.Debug|x86.Build.0 = Debug|Win32
		{AB049B46-ABF6-4003-BB9B-2C8A120E97EC}.Release|x64.ActiveCfg = Release|x64
		{AB049B46-ABF6-4003-BB9B-2C8A120E97EC}.Release|x64.Build.0 = Release|x64
		{AB049B46-ABF6-4003-BB9B-2C8A120E97EC}.Release|x86.ActiveCfg = Release|Win32
		{AB049B46-ABF6-4003-BB9B-2C8A120E97EC}.Release|x86.Build.0 = Release|Win32
		{5F72BA66-BA12-448B-89ED-3493E7A47ADE}.Debug|x64.ActiveCfg = Debug|x64
		{5F72BA66-BA12-448B-89ED-3493E7A47ADE}.Debug|x64.Build.0 = Debug|x64
		{5F72BA66-BA12-448B-89ED-3493E7A47ADE}.Debug|x86.ActiveCfg = Debug|Win32
		{5F72BA66-BA12-448B-89ED-3493E7A47ADE}.Debug|x86.Build.0 = Debug|Win32
		{5F72BA66-BA12-448B-89ED-3493E7A47ADE}.Release|x64.ActiveCfg = Release|x64
		{5F72BA66-BA12-448B-89ED-3493E7A47ADE}.Release|x64.Build.0 = Release|x64
		{5F72BA66-BA12-448B-89ED-3493E7A47ADE}.Release|x86.ActiveCfg = Release|Win32
		{5F72BA66-BA12-448B-89ED-3493E7A47ADE}.Release|x86.Build.0 = Release|Win32
		{76CF8929-CA7C-477F-BB78-C4017AB1AF1B}.Debug|x64.ActiveCfg = Debug|x64
		{76CF8929-CA7C-477F-BB78-C4017AB1AF1B}.Debug|x64.Build.0 = Debug|x64
		{76CF8929-CA7C-477F-BB78-C4017AB1AF1B}.Debug|x86.ActiveCfg = Debug|Win32
		{76CF8929-CA7C-477F-BB78-C4017AB1AF1B}.Debug|x86.Build.0 = Debug|Win32
		{76CF8929-CA7C-477F-BB78-C4017AB1AF1B}.Release|x64.ActiveCfg = Release|x64
		{76CF8929-CA7C-477F-BB78-C4017AB1AF1B}.Release|x64.Build.0 = Release|x64
		{76CF8929-CA7C-477F-BB78-C4017AB1AF1B}.Release|x86.ActiveCfg = Release|Win32
		{76CF8929-CA7C-477F-BB78-C4017AB1AF1B}.Release|x86.Build.0 = Release|Win32
		{D7A90BBB-AD23-468F-9BEF-9187D87CFD70}.Debug|x64.ActiveCfg = Debug|x64
		{D7A90BBB-AD23-468F-9BEF-9187D87CFD70}.Debug|x64.Build.0 = Debug|x64
		{D7A90BBB-AD23-468F-9BEF-9187D87CFD70}.Debug|x86.ActiveCfg = Debug|Win32
		{D7A90BBB-AD23-468F-9BEF-9187D87CFD70}.Debug|x86.Build.0 = Debug|Win32
		{D7A90BBB-AD23-468F-9BEF-9187D87CFD70}.Release|x64.ActiveCfg = Release|x64
		{D7A90BBB-AD23-468F-9BEF-9187D87CFD70}.Release|x64.Build.0 = Release|x64
		{D7A90BBB-AD23-468F-9BEF-9187D87CFD70}.Release|x86.ActiveCfg = Release|Win32
		{D7A90BBB-AD23-468F-9BEF-9187D87CFD70}.Release|x86.Build.0 = Release|Win32
		{C0999376-EDFD-4D85-B1E1-58E8DBDB75BD}.Debug|x64.ActiveCfg = Debug|x64
		{C0999376-EDFD-4D85-B1E1-58E8DBDB75BD}.Debug|x64.Build.0 = Debug|x64
		{C0999376-EDFD-4D85-B1E1-58E8DBDB75BD}.Debug|x86.ActiveCfg = Debug|Win32
		{C0999376-EDFD-4D85-B1E1-58E8DBDB75BD}.Debug|x86.Build.0 = Debug|Win32
		{C0999376-EDFD-4D85-B1E1-58E8DBDB75BD}.Release|x64.ActiveCfg = Release|x64
		{C0999376-EDFD-4D85-B1E1-58E8DBDB75BD}.Release|x64.Build.0 = Release|x64
		{C0999376-EDFD-4D85-B1E1-58E8DBDB75BD}.Release|x86.ActiveCfg = Release|Win32
		{C0999376-EDFD-4D85-B1E1-58E8DBDB75BD}.Release|x86.Build.0 = Release|Win32
		{4E0685D7-A358-4904-A25E-79FA1DC0D2FF}.Debug|x64.ActiveCfg = Debug|x64
		{4E0685D7-A358-4904-A25E-79FA1DC0D2FF}.Debug|x64.Build.0 = Debug|x64
		{4E0685D7-A358-4904-A25E-79FA1DC0D2FF}.Debug|x86.ActiveCfg = Debug|Win32
		{4E0685D7-A358-4904-A25E-79FA1DC0D2FF}.Debug|x86.Build.0 = Debug|Win32
		{4E0685D7-A358-4904-A25E-79FA1DC0D2FF}.Release|x64.ActiveCfg = Release|x64
		{4E0685D7-A358-4904-A25E-79FA1DC0D2FF}.Release|x64.Build.0 = Release|x64
		{4E0685D7-A358-4904-A25E-79FA1DC0D2FF}.Release|x86.ActiveCfg = Release|Win32
		{4E0685D7-A358-4904-A25E-79FA1DC0D2FF}.Release|x86.Build.0 = Release|Win32
		{8A4E2032-C02A-493A-A423-52472A627014}.Debug|x64.ActiveCfg = Debug|x64
		{8A4E2032-C02A-493A-A423-52472A627014}.Debug|x64.Build.0 = Debug|x64
		{8A4E2032-C02A-493A-A423-52472A627014}.Debug|x86.ActiveCfg = Debug|Win32
		{8A4E2032-C02A-493A-A423-52472A627014}.Debug|x86.Build.0 = Debug|Win32
		{8A4E2032-C02A-493A-A423-52472A627014}.Release|x64.ActiveCfg = Release|x64
		{8A4E2032-C02A-493A-A423-52472A627014}.Release|x64.Build.0 = Release|x64
		{8A4E2032-C02A-493A-A423-52472A627014}.Release|x86.ActiveCfg = Release|Win32
		{8A4E2032-C02A-493A-A423-52472A627014}.Release|x86.Build.0 = Release|Win32
		{76A97331-D2B8-4836-9601-CE1DC4DBEBB0}.Debug|x64.ActiveCfg = Debug|x64
		{76A97331-D2B8-4836-9601-CE1DC4DBEBB0}.Debug|x64.Build.0 = Debug|x64
		{76A97331-D2B8-4836-9601-CE1DC4DBEBB0}.Debug|x86.ActiveCfg = Debug|Win32
		{76A97331-D2B8-4836-9601-CE1DC4DBEBB0}.Debug|x86.Build.0 = Debug|Win32
		{76A97331-D2B8-4836-9601-CE1DC4DBEBB0}.Release|x64.ActiveCfg = Release|x64
		{76A97331-D2B8-4836-9601-CE1DC4DBEBB0}.Release|x64.Build.0 = Release|x64
		{76A97331-D2B8-4836-9601-CE1DC4DBEBB0}.Release|x86.ActiveCfg = Release|Win32
		{76A97331-D2B8-4836-9601-CE1DC4DBEBB0}.Release|x86.Build.0 = Release|Win32
		{999332A8-6532-4129-B62E-4E5D0D9DBD3A}.Debug|x64.ActiveCfg = Debug|x64
		{999332A8-6532-4129-B62E-4E5D0D9DBD3A}.Debug|x64.Build.0 = Debug|x64
		{999332A8-6532-4129-B62E-4E5D0D9DBD3A}.Debug|x86.ActiveCfg = Debug|Win32
		{999332A8-6532-4129-B62E-4E5D0D9DBD3A}.Debug|x86.Build.0 = Debug|Win32
		{999332A8-6532-4129-B62E-4E5D0D9DBD3A}.Release|x64.ActiveCfg = Release|x64
		{999332A8-6532-4129-B62E-4E5D0D9DBD3A}.Release|x64.Build.0 = Release|x64
		{999332A8-6532-4129-B62E-4E5D0D9DBD3A}.Release|x86.ActiveCfg = Release|Win32
		{999332A8-6532-4129-B62E-4E5D0D9DBD3A}.Release|x86.Build.0 = Release|Win32
		{D829EB87-A9A8-4F52-B2E6-52471C0720B0}.Debug|x64.ActiveCfg = Debug|x64
		{D829EB87-A9A8-4F52-B2E6-52471C0720B0}.Debug|x64.Build.0 = Debug|x64
		{D829EB87-A9A8-4F52-B2E6-52471C0720B0}.Debug|x86.ActiveCfg = Debug|Win32
		{D829EB87-A9A8-4F52-B2E6-52471C0720B0}.Debug|x86.Build.0 = Debug|Win32
		{D829EB87-A9A8-4F52-B2E6-52471C0720B0}.Release|x64.ActiveCfg = Release|x64
		{D829EB87-A9A8-4F52-B2E6-52471C0720B0}.Release|x64.Build.0 = Release|x64
		{D829EB87-A9A8-4F52-B2E6-52471C0720B0}.Release|x86.ActiveCfg = Release|Win32
		{D829EB87-A9A8-4F52-B2E6-52471C0720B0}.Release|x86.Build.0 = Release|Win32
	EndGlobalSection
	GlobalSection(SolutionProperties) = preSolution
		HideSolutionNode = FALSE
	EndGlobalSection
	GlobalSection(NestedProjects) = preSolution
		{AB049B46-ABF6-4003-BB9B-2C8A120E97EC} = {58FD7E9A-5963-4D34-8243-C5D48B30EE9F}
		{5F72BA66-BA12-448B-89ED-3493E7A47ADE} = {EC32C2ED-1C1C-44DF-97B1-767A269E9EE5}
		{76CF8929-CA7C-477F-BB78-C4017AB1AF1B} = {EC32C2ED-1C1C-44DF-97B1-767A269E9EE5}
		{D7A90BBB-AD23-468F-9BEF-9187D87CFD70} = {EC32C2ED-1C1C-44DF-97B1-767A269E9EE5}
		{C0999376-EDFD-4D85-B1E1-58E8DBDB75BD} = {EC32C2ED-1C1C-44DF-97B1-767A269E9EE5}
		{4E0685D7-A358-4904-A25E-79FA1DC0D2FF} = {EC32C2ED-1C1C-44DF-97B1-767A269E9EE5}
		{8A4E2032-C02A-493A-A423-52472A627014} = {EC32C2ED-1C1C-44DF-97B1-767A269E9EE5}
		{76A97331-D2B8-4836-9601-CE1DC4DBEBB0} = {EC32C2ED-1C1C-44DF-97B1-767A269E9EE5}
		{999332A8-6532-4129-B62E-4E5D0D9DBD3A} = {EC32C2ED-1C1C-44DF-97B1-767A269E9EE5}
		{D829EB87-A9A8-4F52-B2E6-52471C0720B0} = {71440CC3-4F08-44C5-8B05-25D305D866D0}
	EndGlobalSection
	GlobalSection(ExtensibilityGlobals) = postSolution
		SolutionGuid = {34FBDDF3-6FF0-4A3C-8D3E-E4447D253AEF}
	EndGlobalSection
EndGlobal
